<?xml version="1.0" encoding="UTF-8" standalone="no"?><Scheme LastUpgradeVersion="9999" version="1.7"><BuildAction buildImplicitDependencies="NO" parallelizeBuildables="NO"><BuildActionEntries><BuildActionEntry buildForAnalyzing="YES" buildForArchiving="YES" buildForProfiling="YES" buildForRunning="YES" buildForTesting="YES"><BuildableReference BlueprintIdentifier="E66DC04EA2F44BFB00000000" BlueprintName="FBBaseLite" BuildableIdentifier="primary" BuildableName="libFBBaseLite.a" ReferencedContainer="container:../../../Libraries/FBBaseLite/FBBaseLite.xcodeproj"/></BuildActionEntry><BuildActionEntry buildForAnalyzing="YES" buildForArchiving="YES" buildForProfiling="YES" buildForRunning="YES" buildForTesting="YES"><BuildableReference BlueprintIdentifier="E66DC04E0876A75400000000" BlueprintName="Breakpad" BuildableIdentifier="primary" BuildableName="libBreakpad.a" ReferencedContainer="container:../../Breakpad/Breakpad.xcodeproj"/></BuildActionEntry><BuildActionEntry buildForAnalyzing="YES" buildForArchiving="YES" buildForProfiling="YES" buildForRunning="YES" buildForTesting="YES"><BuildableReference BlueprintIdentifier="E66DC04E69BA4CD700000000" BlueprintName="FBExceptionHandler" BuildableIdentifier="primary" BuildableName="libFBExceptionHandler.a" ReferencedContainer="container:../../../Libraries/FBExceptionHandler/FBExceptionHandler.xcodeproj"/></BuildActionEntry><BuildActionEntry buildForAnalyzing="YES" buildForArchiving="YES" buildForProfiling="YES" buildForRunning="YES" buildForTesting="YES"><BuildableReference BlueprintIdentifier="E66DC04E16C0517A00000000" BlueprintName="FBExtensionShimKit" BuildableIdentifier="primary" BuildableName="libFBExtensionShimKit.a" ReferencedContainer="container:../../../Libraries/FBExtensionShimKit/FBExtensionShimKit.xcodeproj"/></BuildActionEntry><BuildActionEntry buildForAnalyzing="YES" buildForArchiving="YES" buildForProfiling="YES" buildForRunning="YES" buildForTesting="YES"><BuildableReference BlueprintIdentifier="E66DC04EDF8FA68C00000000" BlueprintName="FBHashKit" BuildableIdentifier="primary" BuildableName="libFBHashKit.a" ReferencedContainer="container:../../../Libraries/FBHashKit/FBHashKit.xcodeproj"/></BuildActionEntry><BuildActionEntry buildForAnalyzing="YES" buildForArchiving="YES" buildForProfiling="YES" buildForRunning="YES" buildForTesting="YES"><BuildableReference BlueprintIdentifier="E66DC04E9A06404F00000000" BlueprintName="FBPerformanceMetrics" BuildableIdentifier="primary" BuildableName="libFBPerformanceMetrics.a" ReferencedContainer="container:../../../Libraries/FBPerformanceMetrics/FBPerformanceMetrics.xcodeproj"/></BuildActionEntry><BuildActionEntry buildForAnalyzing="YES" buildForArchiving="YES" buildForProfiling="YES" buildForRunning="YES" buildForTesting="YES"><BuildableReference BlueprintIdentifier="E66DC04EED5D9DB000000000" BlueprintName="FBCodingKit" BuildableIdentifier="primary" BuildableName="libFBCodingKit.a" ReferencedContainer="container:../../../Libraries/FBCodingKit/FBCodingKit.xcodeproj"/></BuildActionEntry><BuildActionEntry buildForAnalyzing="YES" buildForArchiving="YES" buildForProfiling="YES" buildForRunning="YES" buildForTesting="YES"><BuildableReference BlueprintIdentifier="E66DC04E3A4B99B400000000" BlueprintName="FBValueObject" BuildableIdentifier="primary" BuildableName="libFBValueObject.a" ReferencedContainer="container:../../../Libraries/FBValueObject/FBValueObject.xcodeproj"/></BuildActionEntry><BuildActionEntry buildForAnalyzing="YES" buildForArchiving="YES" buildForProfiling="YES" buildForRunning="YES" buildForTesting="YES"><BuildableReference BlueprintIdentifier="32D3D40813E08F1800739F8C" BlueprintName="JSONKit" BuildableIdentifier="primary" BuildableName="libJSONKit.a" ReferencedContainer="container:../../../Libraries/JSONKit/JSONKit.xcodeproj"/></BuildActionEntry><BuildActionEntry buildForAnalyzing="YES" buildForArchiving="YES" buildForProfiling="YES" buildForRunning="YES" buildForTesting="YES"><BuildableReference BlueprintIdentifier="E66DC04EE7D9DEB300000000" BlueprintName="CocoaLumberjack" BuildableIdentifier="primary" BuildableName="libCocoaLumberjack.a" ReferencedContainer="container:../../CocoaLumberjack/CocoaLumberjack.xcodeproj"/></BuildActionEntry><BuildActionEntry buildForAnalyzing="YES" buildForArchiving="YES" buildForProfiling="YES" buildForRunning="YES" buildForTesting="YES"><BuildableReference BlueprintIdentifier="E66DC04E76392DDF00000000" BlueprintName="MAMirroredQueue" BuildableIdentifier="primary" BuildableName="libMAMirroredQueue.a" ReferencedContainer="container:../../MAMirroredQueue/MAMirroredQueue.xcodeproj"/></BuildActionEntry><BuildActionEntry buildForAnalyzing="YES" buildForArchiving="YES" buildForProfiling="YES" buildForRunning="YES" buildForTesting="YES"><BuildableReference BlueprintIdentifier="E66DC04E7B34C5AD00000000" BlueprintName="FBBase" BuildableIdentifier="primary" BuildableName="libFBBase.a" ReferencedContainer="container:../../../Libraries/FBBase/FBBase.xcodeproj"/></BuildActionEntry><BuildActionEntry buildForAnalyzing="YES" buildForArchiving="YES" buildForProfiling="YES" buildForRunning="YES" buildForTesting="YES"><BuildableReference BlueprintIdentifier="E66DC04EB918F67900000000" BlueprintName="FBArrayController" BuildableIdentifier="primary" BuildableName="libFBArrayController.a" ReferencedContainer="container:../../../Libraries/FBArrayController/FBArrayController.xcodeproj"/></BuildActionEntry><BuildActionEntry buildForAnalyzing="YES" buildForArchiving="YES" buildForProfiling="YES" buildForRunning="YES" buildForTesting="YES"><BuildableReference BlueprintIdentifier="E66DC04EEC0AE0B900000000" BlueprintName="ComponentKit" BuildableIdentifier="primary" BuildableName="libComponentKit.a" ReferencedContainer="container:src.xcodeproj"/></BuildActionEntry><BuildActionEntry buildForAnalyzing="YES" buildForArchiving="NO" buildForProfiling="NO" buildForRunning="NO" buildForTesting="YES"><BuildableReference BlueprintIdentifier="E66DC04E1A8EC6A000000000" BlueprintName="FBSnapshot" BuildableIdentifier="primary" BuildableName="libFBSnapshot.a" ReferencedContainer="container:../../../Libraries/FBSnapshot/FBSnapshot.xcodeproj"/></BuildActionEntry><BuildActionEntry buildForAnalyzing="YES" buildForArchiving="NO" buildForProfiling="NO" buildForRunning="NO" buildForTesting="YES"><BuildableReference BlueprintIdentifier="E66DC04E04A625A200000000" BlueprintName="FBSnapshotTestCase" BuildableIdentifier="primary" BuildableName="libFBSnapshotTestCase.a" ReferencedContainer="container:../../FBSnapshotTestCase/FBSnapshotTestCase.xcodeproj"/></BuildActionEntry><BuildActionEntry buildForAnalyzing="YES" buildForArchiving="NO" buildForProfiling="NO" buildForRunning="NO" buildForTesting="YES"><BuildableReference BlueprintIdentifier="E66DC04E32CCB69700000000" BlueprintName="OCHamcrest" BuildableIdentifier="primary" BuildableName="libOCHamcrest.a" ReferencedContainer="container:../../OCHamcrest/OCHamcrest.xcodeproj"/></BuildActionEntry><BuildActionEntry buildForAnalyzing="YES" buildForArchiving="NO" buildForProfiling="NO" buildForRunning="NO" buildForTesting="YES"><BuildableReference BlueprintIdentifier="E66DC04E8AA3AD7E00000000" BlueprintName="OCMock" BuildableIdentifier="primary" BuildableName="libOCMock.a" ReferencedContainer="container:../../OCMock/OCMock.xcodeproj"/></BuildActionEntry><BuildActionEntry buildForAnalyzing="YES" buildForArchiving="NO" buildForProfiling="NO" buildForRunning="NO" buildForTesting="YES"><BuildableReference BlueprintIdentifier="E66DC04EFEC0CE5100000000" BlueprintName="FBCodingKitTests" BuildableIdentifier="primary" BuildableName="FBCodingKitTests.octest" ReferencedContainer="container:../../../Libraries/FBCodingKit/FBCodingKit.xcodeproj"/></BuildActionEntry><BuildActionEntry buildForAnalyzing="YES" buildForArchiving="NO" buildForProfiling="NO" buildForRunning="NO" buildForTesting="YES"><BuildableReference BlueprintIdentifier="E66DC04EB9FDEEF500000000" BlueprintName="FBHashKitTests" BuildableIdentifier="primary" BuildableName="FBHashKitTests.xctest" ReferencedContainer="container:../../../Libraries/FBHashKit/FBHashKit.xcodeproj"/></BuildActionEntry><BuildActionEntry buildForAnalyzing="YES" buildForArchiving="NO" buildForProfiling="NO" buildForRunning="NO" buildForTesting="YES"><BuildableReference BlueprintIdentifier="E66DC04E7B7FF71200000000" BlueprintName="FBPerformanceMetricsTests" BuildableIdentifier="primary" BuildableName="FBPerformanceMetricsTests.xctest" ReferencedContainer="container:../../../Libraries/FBPerformanceMetrics/FBPerformanceMetrics.xcodeproj"/></BuildActionEntry><BuildActionEntry buildForAnalyzing="YES" buildForArchiving="NO" buildForProfiling="NO" buildForRunning="NO" buildForTesting="YES"><BuildableReference BlueprintIdentifier="E66DC04EA259422700000000" BlueprintName="FBBaseApplicativeTestsHost" BuildableIdentifier="primary" BuildableName="FBBaseApplicativeTestsHost.app" ReferencedContainer="container:../../../Libraries/FBBase/FBBase.xcodeproj"/></BuildActionEntry><BuildActionEntry buildForAnalyzing="YES" buildForArchiving="NO" buildForProfiling="NO" buildForRunning="NO" buildForTesting="YES"><BuildableReference BlueprintIdentifier="E66DC04ECA03B4CD00000000" BlueprintName="FBValueObjectTests" BuildableIdentifier="primary" BuildableName="FBValueObjectTests.xctest" ReferencedContainer="container:../../../Libraries/FBValueObject/FBValueObject.xcodeproj"/></BuildActionEntry><BuildActionEntry buildForAnalyzing="YES" buildForArchiving="NO" buildForProfiling="NO" buildForRunning="NO" buildForTesting="YES"><BuildableReference BlueprintIdentifier="E66DC04E08ECC9D700000000" BlueprintName="FBLegacyTest" BuildableIdentifier="primary" BuildableName="libFBLegacyTest.a" ReferencedContainer="container:../../../Libraries/FBLegacyTest/FBLegacyTest.xcodeproj"/></BuildActionEntry><BuildActionEntry buildForAnalyzing="YES" buildForArchiving="NO" buildForProfiling="NO" buildForRunning="NO" buildForTesting="YES"><BuildableReference BlueprintIdentifier="E66DC04ED15A8B2800000000" BlueprintName="FBArrayControllerTests" BuildableIdentifier="primary" BuildableName="FBArrayControllerTests.xctest" ReferencedContainer="container:../../../Libraries/FBArrayController/FBArrayController.xcodeproj"/></BuildActionEntry><BuildActionEntry buildForAnalyzing="YES" buildForArchiving="NO" buildForProfiling="NO" buildForRunning="NO" buildForTesting="YES"><BuildableReference BlueprintIdentifier="E66DC04EFDF43BAE00000000" BlueprintName="FBBaseApplicativeTests" BuildableIdentifier="primary" BuildableName="FBBaseApplicativeTests.octest" ReferencedContainer="container:../../../Libraries/FBBase/FBBase.xcodeproj"/></BuildActionEntry><BuildActionEntry buildForAnalyzing="YES" buildForArchiving="NO" buildForProfiling="NO" buildForRunning="NO" buildForTesting="YES"><BuildableReference BlueprintIdentifier="E66DC04EBC041C7400000000" BlueprintName="FBBaseTests" BuildableIdentifier="primary" BuildableName="FBBaseTests.octest" ReferencedContainer="container:../../../Libraries/FBBase/FBBase.xcodeproj"/></BuildActionEntry><BuildActionEntry buildForAnalyzing="YES" buildForArchiving="NO" buildForProfiling="NO" buildForRunning="NO" buildForTesting="YES"><BuildableReference BlueprintIdentifier="E66DC04E7C21E99A00000000" BlueprintName="ComponentKitTestLib" BuildableIdentifier="primary" BuildableName="libComponentKitTestLib.a" ReferencedContainer="container:src.xcodeproj"/></BuildActionEntry><BuildActionEntry buildForAnalyzing="YES" buildForArchiving="NO" buildForProfiling="NO" buildForRunning="NO" buildForTesting="YES"><BuildableReference BlueprintIdentifier="E66DC04E884108E800000000" BlueprintName="ComponentKitTests" BuildableIdentifier="primary" BuildableName="ComponentKitTests.xctest" ReferencedContainer="container:src.xcodeproj"/></BuildActionEntry></BuildActionEntries></BuildAction><TestAction buildConfiguration="Debug" shouldUseLaunchSchemeArgsEnv="YES"><Testables><TestableReference skipped="NO"><BuildableReference BlueprintIdentifier="E66DC04EB9FDEEF500000000" BlueprintName="FBHashKitTests" BuildableIdentifier="primary" BuildableName="FBHashKitTests.xctest" ReferencedContainer="container:../../../Libraries/FBHashKit/FBHashKit.xcodeproj"/></TestableReference><TestableReference skipped="NO"><BuildableReference BlueprintIdentifier="E66DC04E7B7FF71200000000" BlueprintName="FBPerformanceMetricsTests" BuildableIdentifier="primary" BuildableName="FBPerformanceMetricsTests.xctest" ReferencedContainer="container:../../../Libraries/FBPerformanceMetrics/FBPerformanceMetrics.xcodeproj"/></TestableReference><TestableReference skipped="NO"><BuildableReference BlueprintIdentifier="E66DC04EFEC0CE5100000000" BlueprintName="FBCodingKitTests" BuildableIdentifier="primary" BuildableName="FBCodingKitTests.octest" ReferencedContainer="container:../../../Libraries/FBCodingKit/FBCodingKit.xcodeproj"/></TestableReference><TestableReference skipped="NO"><BuildableReference BlueprintIdentifier="E66DC04ECA03B4CD00000000" BlueprintName="FBValueObjectTests" BuildableIdentifier="primary" BuildableName="FBValueObjectTests.xctest" ReferencedContainer="container:../../../Libraries/FBValueObject/FBValueObject.xcodeproj"/></TestableReference><TestableReference skipped="NO"><BuildableReference BlueprintIdentifier="E66DC04EFDF43BAE00000000" BlueprintName="FBBaseApplicativeTests" BuildableIdentifier="primary" BuildableName="FBBaseApplicativeTests.octest" ReferencedContainer="container:../../../Libraries/FBBase/FBBase.xcodeproj"/></TestableReference><TestableReference skipped="NO"><BuildableReference BlueprintIdentifier="E66DC04EBC041C7400000000" BlueprintName="FBBaseTests" BuildableIdentifier="primary" BuildableName="FBBaseTests.octest" ReferencedContainer="container:../../../Libraries/FBBase/FBBase.xcodeproj"/></TestableReference><TestableReference skipped="NO"><BuildableReference BlueprintIdentifier="E66DC04ED15A8B2800000000" BlueprintName="FBArrayControllerTests" BuildableIdentifier="primary" BuildableName="FBArrayControllerTests.xctest" ReferencedContainer="container:../../../Libraries/FBArrayController/FBArrayController.xcodeproj"/></TestableReference><TestableReference skipped="NO"><BuildableReference BlueprintIdentifier="E66DC04E884108E800000000" BlueprintName="ComponentKitTests" BuildableIdentifier="primary" BuildableName="ComponentKitTests.xctest" ReferencedContainer="container:src.xcodeproj"/></TestableReference></Testables></TestAction><LaunchAction buildConfiguration="Debug"><BuildableProductRunnable><BuildableReference BlueprintIdentifier="E66DC04EEC0AE0B900000000" BlueprintName="ComponentKit" BuildableIdentifier="primary" BuildableName="libComponentKit.a" ReferencedContainer="container:src.xcodeproj"/></BuildableProductRunnable></LaunchAction><ProfileAction buildConfiguration="Profile"><BuildableProductRunnable><BuildableReference BlueprintIdentifier="E66DC04EEC0AE0B900000000" BlueprintName="ComponentKit" BuildableIdentifier="primary" BuildableName="libComponentKit.a" ReferencedContainer="container:src.xcodeproj"/></BuildableProductRunnable></ProfileAction><AnalyzeAction buildConfiguration="Debug"/><ArchiveAction buildConfiguration="Release" revealArchiveInOrganizer="YES"/></Scheme>